{
    "_meta": {
        "hash": {
            "sha256": "9a2a5d32a9624a5e60a553fda3db490ef8c4b96e6f36a7a652c553f27ac3c47a"
        },
        "pipfile-spec": 6,
        "requires": {
            "python_version": "3.8"
        },
        "sources": [
            {
                "name": "pypi",
                "url": "https://pypi.org/simple",
                "verify_ssl": true
            }
        ]
    },
    "default": {
        "astroid": {
            "hashes": [
                "sha256:0e14202810b30da1b735827f78f5157be2bbd4a7a59b7707ca0bfc2fb4c0063a",
                "sha256:413658a61eeca6202a59231abb473f932038fbcbf1666587f66d482083413a25"
            ],
            "markers": "python_full_version >= '3.8.0'",
            "version": "==3.2.4"
        },
        "certifi": {
            "hashes": [
                "sha256:922820b53db7a7257ffbda3f597266d435245903d80737e34f8a45ff3e3230d8",
                "sha256:bec941d2aa8195e248a60b31ff9f0558284cf01a52591ceda73ea9afffd69fd9"
            ],
            "markers": "python_version >= '3.6'",
            "version": "==2024.8.30"
        },
        "charset-normalizer": {
            "hashes": [
                "sha256:06435b539f889b1f6f4ac1758871aae42dc3a8c0e24ac9e60c2384973ad73027",
                "sha256:06a81e93cd441c56a9b65d8e1d043daeb97a3d0856d177d5c90ba85acb3db087",
                "sha256:0a55554a2fa0d408816b3b5cedf0045f4b8e1a6065aec45849de2d6f3f8e9786",
                "sha256:0b2b64d2bb6d3fb9112bafa732def486049e63de9618b5843bcdd081d8144cd8",
                "sha256:10955842570876604d404661fbccbc9c7e684caf432c09c715ec38fbae45ae09",
                "sha256:122c7fa62b130ed55f8f285bfd56d5f4b4a5b503609d181f9ad85e55c89f4185",
                "sha256:1ceae2f17a9c33cb48e3263960dc5fc8005351ee19db217e9b1bb15d28c02574",
                "sha256:1d3193f4a680c64b4b6a9115943538edb896edc190f0b222e73761716519268e",
                "sha256:1f79682fbe303db92bc2b1136016a38a42e835d932bab5b3b1bfcfbf0640e519",
                "sha256:2127566c664442652f024c837091890cb1942c30937add288223dc895793f898",
                "sha256:22afcb9f253dac0696b5a4be4a1c0f8762f8239e21b99680099abd9b2b1b2269",
                "sha256:25baf083bf6f6b341f4121c2f3c548875ee6f5339300e08be3f2b2ba1721cdd3",
                "sha256:2e81c7b9c8979ce92ed306c249d46894776a909505d8f5a4ba55b14206e3222f",
                "sha256:3287761bc4ee9e33561a7e058c72ac0938c4f57fe49a09eae428fd88aafe7bb6",
                "sha256:34d1c8da1e78d2e001f363791c98a272bb734000fcef47a491c1e3b0505657a8",
                "sha256:37e55c8e51c236f95b033f6fb391d7d7970ba5fe7ff453dad675e88cf303377a",
                "sha256:3d47fa203a7bd9c5b6cee4736ee84ca03b8ef23193c0d1ca99b5089f72645c73",
                "sha256:3e4d1f6587322d2788836a99c69062fbb091331ec940e02d12d179c1d53e25fc",
                "sha256:42cb296636fcc8b0644486d15c12376cb9fa75443e00fb25de0b8602e64c1714",
                "sha256:45485e01ff4d3630ec0d9617310448a8702f70e9c01906b0d0118bdf9d124cf2",
                "sha256:4a78b2b446bd7c934f5dcedc588903fb2f5eec172f3d29e52a9096a43722adfc",
                "sha256:4ab2fe47fae9e0f9dee8c04187ce5d09f48eabe611be8259444906793ab7cbce",
                "sha256:4d0d1650369165a14e14e1e47b372cfcb31d6ab44e6e33cb2d4e57265290044d",
                "sha256:549a3a73da901d5bc3ce8d24e0600d1fa85524c10287f6004fbab87672bf3e1e",
                "sha256:55086ee1064215781fff39a1af09518bc9255b50d6333f2e4c74ca09fac6a8f6",
                "sha256:572c3763a264ba47b3cf708a44ce965d98555f618ca42c926a9c1616d8f34269",
                "sha256:573f6eac48f4769d667c4442081b1794f52919e7edada77495aaed9236d13a96",
                "sha256:5b4c145409bef602a690e7cfad0a15a55c13320ff7a3ad7ca59c13bb8ba4d45d",
                "sha256:6463effa3186ea09411d50efc7d85360b38d5f09b870c48e4600f63af490e56a",
                "sha256:65f6f63034100ead094b8744b3b97965785388f308a64cf8d7c34f2f2e5be0c4",
                "sha256:663946639d296df6a2bb2aa51b60a2454ca1cb29835324c640dafb5ff2131a77",
                "sha256:6897af51655e3691ff853668779c7bad41579facacf5fd7253b0133308cf000d",
                "sha256:68d1f8a9e9e37c1223b656399be5d6b448dea850bed7d0f87a8311f1ff3dabb0",
                "sha256:6ac7ffc7ad6d040517be39eb591cac5ff87416c2537df6ba3cba3bae290c0fed",
                "sha256:6b3251890fff30ee142c44144871185dbe13b11bab478a88887a639655be1068",
                "sha256:6c4caeef8fa63d06bd437cd4bdcf3ffefe6738fb1b25951440d80dc7df8c03ac",
                "sha256:6ef1d82a3af9d3eecdba2321dc1b3c238245d890843e040e41e470ffa64c3e25",
                "sha256:753f10e867343b4511128c6ed8c82f7bec3bd026875576dfd88483c5c73b2fd8",
                "sha256:7cd13a2e3ddeed6913a65e66e94b51d80a041145a026c27e6bb76c31a853c6ab",
                "sha256:7ed9e526742851e8d5cc9e6cf41427dfc6068d4f5a3bb03659444b4cabf6bc26",
                "sha256:7f04c839ed0b6b98b1a7501a002144b76c18fb1c1850c8b98d458ac269e26ed2",
                "sha256:802fe99cca7457642125a8a88a084cef28ff0cf9407060f7b93dca5aa25480db",
                "sha256:80402cd6ee291dcb72644d6eac93785fe2c8b9cb30893c1af5b8fdd753b9d40f",
                "sha256:8465322196c8b4d7ab6d1e049e4c5cb460d0394da4a27d23cc242fbf0034b6b5",
                "sha256:86216b5cee4b06df986d214f664305142d9c76df9b6512be2738aa72a2048f99",
                "sha256:87d1351268731db79e0f8e745d92493ee2841c974128ef629dc518b937d9194c",
                "sha256:8bdb58ff7ba23002a4c5808d608e4e6c687175724f54a5dade5fa8c67b604e4d",
                "sha256:8c622a5fe39a48f78944a87d4fb8a53ee07344641b0562c540d840748571b811",
                "sha256:8d756e44e94489e49571086ef83b2bb8ce311e730092d2c34ca8f7d925cb20aa",
                "sha256:8f4a014bc36d3c57402e2977dada34f9c12300af536839dc38c0beab8878f38a",
                "sha256:9063e24fdb1e498ab71cb7419e24622516c4a04476b17a2dab57e8baa30d6e03",
                "sha256:90d558489962fd4918143277a773316e56c72da56ec7aa3dc3dbbe20fdfed15b",
                "sha256:923c0c831b7cfcb071580d3f46c4baf50f174be571576556269530f4bbd79d04",
                "sha256:95f2a5796329323b8f0512e09dbb7a1860c46a39da62ecb2324f116fa8fdc85c",
                "sha256:96b02a3dc4381e5494fad39be677abcb5e6634bf7b4fa83a6dd3112607547001",
                "sha256:9f96df6923e21816da7e0ad3fd47dd8f94b2a5ce594e00677c0013018b813458",
                "sha256:a10af20b82360ab00827f916a6058451b723b4e65030c5a18577c8b2de5b3389",
                "sha256:a50aebfa173e157099939b17f18600f72f84eed3049e743b68ad15bd69b6bf99",
                "sha256:a981a536974bbc7a512cf44ed14938cf01030a99e9b3a06dd59578882f06f985",
                "sha256:a9a8e9031d613fd2009c182b69c7b2c1ef8239a0efb1df3f7c8da66d5dd3d537",
                "sha256:ae5f4161f18c61806f411a13b0310bea87f987c7d2ecdbdaad0e94eb2e404238",
                "sha256:aed38f6e4fb3f5d6bf81bfa990a07806be9d83cf7bacef998ab1a9bd660a581f",
                "sha256:b01b88d45a6fcb69667cd6d2f7a9aeb4bf53760d7fc536bf679ec94fe9f3ff3d",
                "sha256:b261ccdec7821281dade748d088bb6e9b69e6d15b30652b74cbbac25e280b796",
                "sha256:b2b0a0c0517616b6869869f8c581d4eb2dd83a4d79e0ebcb7d373ef9956aeb0a",
                "sha256:b4a23f61ce87adf89be746c8a8974fe1c823c891d8f86eb218bb957c924bb143",
                "sha256:bd8f7df7d12c2db9fab40bdd87a7c09b1530128315d047a086fa3ae3435cb3a8",
                "sha256:beb58fe5cdb101e3a055192ac291b7a21e3b7ef4f67fa1d74e331a7f2124341c",
                "sha256:c002b4ffc0be611f0d9da932eb0f704fe2602a9a949d1f738e4c34c75b0863d5",
                "sha256:c083af607d2515612056a31f0a8d9e0fcb5876b7bfc0abad3ecd275bc4ebc2d5",
                "sha256:c180f51afb394e165eafe4ac2936a14bee3eb10debc9d9e4db8958fe36afe711",
                "sha256:c235ebd9baae02f1b77bcea61bce332cb4331dc3617d254df3323aa01ab47bd4",
                "sha256:cd70574b12bb8a4d2aaa0094515df2463cb429d8536cfb6c7ce983246983e5a6",
                "sha256:d0eccceffcb53201b5bfebb52600a5fb483a20b61da9dbc885f8b103cbe7598c",
                "sha256:d965bba47ddeec8cd560687584e88cf699fd28f192ceb452d1d7ee807c5597b7",
                "sha256:db364eca23f876da6f9e16c9da0df51aa4f104a972735574842618b8c6d999d4",
                "sha256:ddbb2551d7e0102e7252db79ba445cdab71b26640817ab1e3e3648dad515003b",
                "sha256:deb6be0ac38ece9ba87dea880e438f25ca3eddfac8b002a2ec3d9183a454e8ae",
                "sha256:e06ed3eb3218bc64786f7db41917d4e686cc4856944f53d5bdf83a6884432e12",
                "sha256:e27ad930a842b4c5eb8ac0016b0a54f5aebbe679340c26101df33424142c143c",
                "sha256:e537484df0d8f426ce2afb2d0f8e1c3d0b114b83f8850e5f2fbea0e797bd82ae",
                "sha256:eb00ed941194665c332bf8e078baf037d6c35d7c4f3102ea2d4f16ca94a26dc8",
                "sha256:eb6904c354526e758fda7167b33005998fb68c46fbc10e013ca97f21ca5c8887",
                "sha256:eb8821e09e916165e160797a6c17edda0679379a4be5c716c260e836e122f54b",
                "sha256:efcb3f6676480691518c177e3b465bcddf57cea040302f9f4e6e191af91174d4",
                "sha256:f27273b60488abe721a075bcca6d7f3964f9f6f067c8c4c605743023d7d3944f",
                "sha256:f30c3cb33b24454a82faecaf01b19c18562b1e89558fb6c56de4d9118a032fd5",
                "sha256:fb69256e180cb6c8a894fee62b3afebae785babc1ee98b81cdf68bbca1987f33",
                "sha256:fd1abc0d89e30cc4e02e4064dc67fcc51bd941eb395c502aac3ec19fab46b519",
                "sha256:ff8fa367d09b717b2a17a052544193ad76cd49979c805768879cb63d9ca50561"
            ],
            "markers": "python_full_version >= '3.7.0'",
            "version": "==3.3.2"
        },
        "dill": {
            "hashes": [
                "sha256:3ebe3c479ad625c4553aca177444d89b486b1d84982eeacded644afc0cf797ca",
                "sha256:c36ca9ffb54365bdd2f8eb3eff7d2a21237f8452b57ace88b1ac615b7e815bd7"
            ],
            "markers": "python_version < '3.11'",
            "version": "==0.3.8"
        },
        "idna": {
            "hashes": [
                "sha256:12f65c9b470abda6dc35cf8e63cc574b1c52b11df2c86030af0ac09b01b13ea9",
                "sha256:946d195a0d259cbba61165e88e65941f16e9b36ea6ddb97f00452bae8b1287d3"
            ],
            "markers": "python_version >= '3.6'",
            "version": "==3.10"
        },
        "isort": {
            "hashes": [
                "sha256:48fdfcb9face5d58a4f6dde2e72a1fb8dcaf8ab26f95ab49fab84c2ddefb0109",
                "sha256:8ca5e72a8d85860d5a3fa69b8745237f2939afe12dbf656afbcb47fe72d947a6"
            ],
            "markers": "python_full_version >= '3.8.0'",
            "version": "==5.13.2"
        },
        "mccabe": {
            "hashes": [
                "sha256:348e0240c33b60bbdf4e523192ef919f28cb2c3d7d5c7794f74009290f236325",
                "sha256:6c2d30ab6be0e4a46919781807b4f0d834ebdd6c6e3dca0bda5a15f863427b6e"
            ],
            "markers": "python_version >= '3.6'",
            "version": "==0.7.0"
        },
        "netifaces": {
            "hashes": [
                "sha256:043a79146eb2907edf439899f262b3dfe41717d34124298ed281139a8b93ca32",
                "sha256:08e3f102a59f9eaef70948340aeb6c89bd09734e0dca0f3b82720305729f63ea",
                "sha256:0f6133ac02521270d9f7c490f0c8c60638ff4aec8338efeff10a1b51506abe85",
                "sha256:18917fbbdcb2d4f897153c5ddbb56b31fa6dd7c3fa9608b7e3c3a663df8206b5",
                "sha256:2479bb4bb50968089a7c045f24d120f37026d7e802ec134c4490eae994c729b5",
                "sha256:2650beee182fed66617e18474b943e72e52f10a24dc8cac1db36c41ee9c041b7",
                "sha256:28f4bf3a1361ab3ed93c5ef360c8b7d4a4ae060176a3529e72e5e4ffc4afd8b0",
                "sha256:3ecb3f37c31d5d51d2a4d935cfa81c9bc956687c6f5237021b36d6fdc2815b2c",
                "sha256:469fc61034f3daf095e02f9f1bbac07927b826c76b745207287bc594884cfd05",
                "sha256:48324183af7f1bc44f5f197f3dad54a809ad1ef0c78baee2c88f16a5de02c4c9",
                "sha256:50721858c935a76b83dd0dd1ab472cad0a3ef540a1408057624604002fcfb45b",
                "sha256:54ff6624eb95b8a07e79aa8817288659af174e954cca24cdb0daeeddfc03c4ff",
                "sha256:5be83986100ed1fdfa78f11ccff9e4757297735ac17391b95e17e74335c2047d",
                "sha256:5f9ca13babe4d845e400921973f6165a4c2f9f3379c7abfc7478160e25d196a4",
                "sha256:73ff21559675150d31deea8f1f8d7e9a9a7e4688732a94d71327082f517fc6b4",
                "sha256:7dbb71ea26d304e78ccccf6faccef71bb27ea35e259fb883cfd7fd7b4f17ecb1",
                "sha256:815eafdf8b8f2e61370afc6add6194bd5a7252ae44c667e96c4c1ecf418811e4",
                "sha256:841aa21110a20dc1621e3dd9f922c64ca64dd1eb213c47267a2c324d823f6c8f",
                "sha256:84e4d2e6973eccc52778735befc01638498781ce0e39aa2044ccfd2385c03246",
                "sha256:8f7da24eab0d4184715d96208b38d373fd15c37b0dafb74756c638bd619ba150",
                "sha256:96c0fe9696398253f93482c84814f0e7290eee0bfec11563bd07d80d701280c3",
                "sha256:aab1dbfdc55086c789f0eb37affccf47b895b98d490738b81f3b2360100426be",
                "sha256:c03fb2d4ef4e393f2e6ffc6376410a22a3544f164b336b3a355226653e5efd89",
                "sha256:c37a1ca83825bc6f54dddf5277e9c65dec2f1b4d0ba44b8fd42bc30c91aa6ea1",
                "sha256:c92ff9ac7c2282009fe0dcb67ee3cd17978cffbe0c8f4b471c00fe4325c9b4d4",
                "sha256:c9a3a47cd3aaeb71e93e681d9816c56406ed755b9442e981b07e3618fb71d2ac",
                "sha256:cb925e1ca024d6f9b4f9b01d83215fd00fe69d095d0255ff3f64bffda74025c8",
                "sha256:d07b01c51b0b6ceb0f09fc48ec58debd99d2c8430b09e56651addeaf5de48048",
                "sha256:e76c7f351e0444721e85f975ae92718e21c1f361bda946d60a214061de1f00a1",
                "sha256:eb4813b77d5df99903af4757ce980a98c4d702bbcb81f32a0b305a1537bdf0b1"
            ],
            "index": "pypi",
            "version": "==0.11.0"
        },
        "numpy": {
            "hashes": [
                "sha256:04640dab83f7c6c85abf9cd729c5b65f1ebd0ccf9de90b270cd61935eef0197f",
                "sha256:1452241c290f3e2a312c137a9999cdbf63f78864d63c79039bda65ee86943f61",
                "sha256:222e40d0e2548690405b0b3c7b21d1169117391c2e82c378467ef9ab4c8f0da7",
                "sha256:2541312fbf09977f3b3ad449c4e5f4bb55d0dbf79226d7724211acc905049400",
                "sha256:31f13e25b4e304632a4619d0e0777662c2ffea99fcae2029556b17d8ff958aef",
                "sha256:4602244f345453db537be5314d3983dbf5834a9701b7723ec28923e2889e0bb2",
                "sha256:4979217d7de511a8d57f4b4b5b2b965f707768440c17cb70fbf254c4b225238d",
                "sha256:4c21decb6ea94057331e111a5bed9a79d335658c27ce2adb580fb4d54f2ad9bc",
                "sha256:6620c0acd41dbcb368610bb2f4d83145674040025e5536954782467100aa8835",
                "sha256:692f2e0f55794943c5bfff12b3f56f99af76f902fc47487bdfe97856de51a706",
                "sha256:7215847ce88a85ce39baf9e89070cb860c98fdddacbaa6c0da3ffb31b3350bd5",
                "sha256:79fc682a374c4a8ed08b331bef9c5f582585d1048fa6d80bc6c35bc384eee9b4",
                "sha256:7ffe43c74893dbf38c2b0a1f5428760a1a9c98285553c89e12d70a96a7f3a4d6",
                "sha256:80f5e3a4e498641401868df4208b74581206afbee7cf7b8329daae82676d9463",
                "sha256:95f7ac6540e95bc440ad77f56e520da5bf877f87dca58bd095288dce8940532a",
                "sha256:9667575fb6d13c95f1b36aca12c5ee3356bf001b714fc354eb5465ce1609e62f",
                "sha256:a5425b114831d1e77e4b5d812b69d11d962e104095a5b9c3b641a218abcc050e",
                "sha256:b4bea75e47d9586d31e892a7401f76e909712a0fd510f58f5337bea9572c571e",
                "sha256:b7b1fc9864d7d39e28f41d089bfd6353cb5f27ecd9905348c24187a768c79694",
                "sha256:befe2bf740fd8373cf56149a5c23a0f601e82869598d41f8e188a0e9869926f8",
                "sha256:c0bfb52d2169d58c1cdb8cc1f16989101639b34c7d3ce60ed70b19c63eba0b64",
                "sha256:d11efb4dbecbdf22508d55e48d9c8384db795e1b7b51ea735289ff96613ff74d",
                "sha256:dd80e219fd4c71fc3699fc1dadac5dcf4fd882bfc6f7ec53d30fa197b8ee22dc",
                "sha256:e2926dac25b313635e4d6cf4dc4e51c8c0ebfed60b801c799ffc4c32bf3d1254",
                "sha256:e98f220aa76ca2a977fe435f5b04d7b3470c0a2e6312907b37ba6068f26787f2",
                "sha256:ed094d4f0c177b1b8e7aa9cba7d6ceed51c0e569a5318ac0ca9a090680a6a1b1",
                "sha256:f136bab9c2cfd8da131132c2cf6cc27331dd6fae65f95f69dcd4ae3c3639c810",
                "sha256:f3a86ed21e4f87050382c7bc96571755193c4c1392490744ac73d660e8f564a9"
            ],
            "markers": "python_version >= '3.8'",
            "version": "==1.24.4"
        },
        "platformdirs": {
            "hashes": [
                "sha256:357fb2acbc885b0419afd3ce3ed34564c13c9b95c89360cd9563f73aa5e2b907",
                "sha256:73e575e1408ab8103900836b97580d5307456908a03e92031bab39e4554cc3fb"
            ],
            "markers": "python_version >= '3.8'",
            "version": "==4.3.6"
        },
        "pylint": {
            "hashes": [
                "sha256:02f4aedeac91be69fb3b4bea997ce580a4ac68ce58b89eaefeaf06749df73f4b",
                "sha256:1b7a721b575eaeaa7d39db076b6e7743c993ea44f57979127c517c6c572c803e"
            ],
            "index": "pypi",
            "markers": "python_full_version >= '3.8.0'",
            "version": "==3.2.7"
        },
        "pyqt5": {
            "hashes": [
                "sha256:6cd75628f6e732b1ffcfe709ab833a0716c0445d7aec8046a48d5843352becb6",
                "sha256:76be0322ceda5deecd1708a8d628e698089a1cea80d1a49d242a6d579a40babd",
                "sha256:bdde598a3bb95022131a5c9ea62e0a96bd6fb28932cc1619fd7ba211531b7517",
                "sha256:c8b03dd9380bb13c804f0bdb0f4956067f281785b5e12303d529f0462f9afdc2",
                "sha256:cd672a6738d1ae33ef7d9efa8e6cb0a1525ecf53ec86da80a9e1b6ec38c8d0f1",
                "sha256:fda45743ebb4a27b4b1a51c6d8ef455c4c1b5d610c90d2934c7802b5c1557c52"
            ],
            "markers": "python_version >= '3.8'",
            "version": "==5.15.11"
        },
        "pyqt5-qt5": {
            "hashes": [
                "sha256:611505d04ffb06a5e5bcf98f5ff0e4e15ba7785565ccbe7bd3b2e40642ea3bdd",
                "sha256:eb74072935958a830887115b1de1ff26341fc2d5881b28129de39612b10a260e",
                "sha256:f8b174725fbe29c1a22f8acce5798933a65c8a083f1d9833ff212479ec2b3c14"
            ],
            "version": "==5.15.15"
        },
        "pyqt5-sip": {
            "hashes": [
                "sha256:0b718a362f4392430903bbb2a4b9bbff9841a16a52f0cfdd5b5bbd9d11457980",
                "sha256:0c1c727ede7fdc464a1fe2e46109ba836509b2d7187a46fdeae443148ce51d1c",
                "sha256:0cd21c3215e3c47fdd5fa7a2dc3dd1e07a7230b0626e905a7217925068c788b9",
                "sha256:13f0c6a78e781255863e3e160304648efaf62276b7102741af637b63a6e96930",
                "sha256:24a1d4937332bf0a38dd95bb2ce4d89723df449f6e912b52ef0e107e11fefac1",
                "sha256:2575f428de584a12009fd29d00c89df16ed101a3b38beba818dfdcbc4a10709c",
                "sha256:749f7a3ffd6e3d2d5db65ed92c95cbd14490631595c61f0c0672c9238bfb17de",
                "sha256:7f88c85702dce80ac2e1a162054f688ed394811d6dd03a5574b3fa8111b0a6db",
                "sha256:83d247cdc43ef224410b14c97413067ea26356dfa39e9ed0fe702a31e25710b0",
                "sha256:852b75cf208825602480e95ab63314108f872d0da251e9ad3deaaff5a183a6f5",
                "sha256:855563d4d3b59ce7438bbf2dd32fed2707787defa40f3efe94f204a19ef92b25",
                "sha256:91b9538458a3a23e033c213bc879ce64f3d0a33d5a49cbd03e1e584efe307a35",
                "sha256:97f2d6e8d9b7b3d3e795d576d7f56e6257f524221f6383b33ded7287763e9f06",
                "sha256:b4adc529fa4ec05728e14ea55194d907cc51f18d6f2ac5cc9f6eb52ac038aa0f",
                "sha256:b58eeedc9b2a3037b136bf96915196c391a33be470ed1c0723d7163ef0b727a2",
                "sha256:c0c543d604116af26694a8a5ba90f510551ff9124d503ae5ee14bb73a61363a3",
                "sha256:c85be433fbafcb3d417581c0e1b67c8198d23858166e4f938e971c2262c13cdb",
                "sha256:d23fdfcf363b5cedd9d39f8a9c5710e7d52804f5b08a58e91c638b36eafcb702",
                "sha256:dd241de9c569c07bbba62bff1049996e5b52478164f61f430073a87bf6d26d33",
                "sha256:ed5221c6241981bd98d39504823efb9cbe36841bf8917288f8fe8fc1d5569a41",
                "sha256:f600ae6f03e4bff91153c0dc7ebe52f90bd2b6afda58fd580e6990b3b951adc0"
            ],
            "markers": "python_version >= '3.8'",
            "version": "==12.15.0"
        },
        "pyqt6": {
            "hashes": [
                "sha256:0adb7914c732ad1dee46d9cec838a98cb2b11bc38cc3b7b36fbd8701ae64bf47",
                "sha256:2d771fa0981514cb1ee937633dfa64f14caa902707d9afffab66677f3a73e3da",
                "sha256:3672a82ccd3a62e99ab200a13903421e2928e399fda25ced98d140313ad59cb9",
                "sha256:7f397f4b38b23b5588eb2c0933510deb953d96b1f0323a916c4839c2a66ccccc",
                "sha256:c2f202b7941aa74e5c7e1463a6f27d9131dbc1e6cabe85571d7364f5b3de7397",
                "sha256:f053378e3aef6248fa612c8afddda17f942fb63f9fe8a9aeb2a6b6b4cbb0eba9",
                "sha256:fa3954698233fe286a8afc477b84d8517f0788eb46b74da69d3ccc0170d3714c"
            ],
            "index": "pypi",
            "markers": "python_version >= '3.8'",
            "version": "==6.7.1"
        },
        "pyqt6-qt6": {
            "hashes": [
                "sha256:05f2c7d195d316d9e678a92ecac0252a24ed175bd2444cc6077441807d756580",
                "sha256:065415589219a2f364aba29d6a98920bb32810286301acbfa157e522d30369e3",
                "sha256:7f817efa86a0e8eda9152c85b73405463fbf3266299090f32bbb2266da540ead",
                "sha256:b2d7e5ddb1b9764cd60f1d730fa7bf7a1f0f61b2630967c81761d3d0a5a8a2e0",
                "sha256:fc93945eaef4536d68bd53566535efcbe78a7c05c2a533790a8fd022bac8bfaa"
            ],
            "version": "==6.7.2"
        },
        "pyqt6-sip": {
            "hashes": [
                "sha256:056af69d1d8d28d5968066ec5da908afd82fc0be07b67cf2b84b9f02228416ce",
                "sha256:08dd81037a2864982ece2bf9891f3bf4558e247034e112993ea1a3fe239458cb",
                "sha256:2559afa68825d08de09d71c42f3b6ad839dcc30f91e7c6d0785e07830d5541a5",
                "sha256:2f74cf3d6d9cab5152bd9f49d570b2dfb87553ebb5c4919abfde27f5b9fd69d4",
                "sha256:33d9b399fc9c9dc99496266842b0fb2735d924604774e97cf9b555667cc0fc59",
                "sha256:6bce6bc5870d9e87efe5338b1ee4a7b9d7d26cdd16a79a5757d80b6f25e71edc",
                "sha256:755beb5d271d081e56618fb30342cdd901464f721450495cb7cb0212764da89e",
                "sha256:7a0bbc0918eab5b6351735d40cf22cbfa5aa2476b55e0d5fe881aeed7d871c29",
                "sha256:7f84c472afdc7d316ff683f63129350d645ef82d9b3fd75a609b08472d1f7291",
                "sha256:835ed22eab977f75fd77e60d4ff308a1fa794b1d0c04849311f36d2a080cdf3b",
                "sha256:9ea9223c94906efd68148f12ae45b51a21d67e86704225ddc92bce9c54e4d93c",
                "sha256:a5c086b7c9c7996ea9b7522646cc24eebbf3591ec9dd38f65c0a3fdb0dbeaac7",
                "sha256:b1bf29e95f10a8a00819dac804ca7e5eba5fc1769adcd74c837c11477bf81954",
                "sha256:b203b6fbae4a8f2d27f35b7df46200057033d9ecd9134bcf30e3eab66d43572c",
                "sha256:beaddc1ec96b342f4e239702f91802706a80cb403166c2da318cec4ad8b790cb",
                "sha256:cd81144b0770084e8005d3a121c9382e6f9bc8d0bb320dd618718ffe5090e0e6",
                "sha256:cedd554c643e54c4c2e12b5874781a87441a1b405acf3650a4a2e1df42aae231",
                "sha256:d8b22a6850917c68ce83fc152a8b606ecb2efaaeed35be53110468885d6cdd9d",
                "sha256:dd168667addf01f8a4b0fa7755323e43e4cd12ca4bade558c61f713a5d48ba1a",
                "sha256:f57275b5af774529f9838adcfb58869ba3ebdaf805daea113bb0697a96a3f3cb",
                "sha256:fbb249b82c53180f1420571ece5dc24fea1188ba435923edd055599dffe7abfb"
            ],
            "markers": "python_version >= '3.8'",
            "version": "==13.8.0"
        },
        "pyqtchart": {
            "hashes": [
                "sha256:1f97cb0be77d3271342f064e47eabc25622dbd407abf016acaebdb83c6ad915f",
                "sha256:34aeed540d24bad558a1c4751f5b9d92e0248e2131fc5877c70221024d2fb02e",
                "sha256:918303e869609ebd65caac7f58e08f07695313503828db0ea527ff5f9779fab6",
                "sha256:97b45cfe5c9b0f648fb6ade8ee0a4b30e3e1cce8edab4f3d6ade789c5da9f4d8",
                "sha256:bc9f1d26c725e820b0fff8db6e906e8b286128a14b3a98c59a0cd0c3d9924095",
                "sha256:c0f52733a377620ef642ea23061e830b989c2ef2c83181de82d9f548a3eacbfe"
            ],
            "index": "pypi",
            "markers": "python_version >= '3.8'",
            "version": "==5.15.7"
        },
        "pyqtchart-qt5": {
            "hashes": [
                "sha256:4762b07d6a375aacc452a44dba1b165c778c56bbe09737a19fd9da3850f4cec5",
                "sha256:641cc3555c5bf8f1135ceddd56213d422a003181dc31af398240519f848b2a4e",
                "sha256:725df77946745649629bae747193e541cb1358cc5491718e09c5122bce4e5f8e"
            ],
            "version": "==5.15.15"
        },
        "pyqtgraph": {
            "hashes": [
                "sha256:58108d8411c7054e0841d8b791ee85e101fc296b9b359c0e01dde38a98ff2ace",
                "sha256:fdcc04ac4b32a7bedf1bf3cf74cbb93ab3ba5687791712bbfa8d0712377d2f2b"
            ],
            "index": "pypi",
            "markers": "python_version >= '3.8'",
            "version": "==0.13.3"
        },
        "pyside6": {
            "hashes": [
                "sha256:35936f06257e5c37ae8993da0cb5a528e5db3ea1fc2bb6b12cdf899a11510966",
                "sha256:3d2ebb08a7744b59e1270e57f264a9ef5b45fccdc0328a9aeb50d890d6b3f4f2",
                "sha256:d993989a10725c856f5b07f25e0664c5059daa92c259549c9df0972b5b0c7935",
                "sha256:f7acd26fe8e1a745ef0be66b49ee49ee8ae50c2a2855d9792db262ebc7916d98"
            ],
            "index": "pypi",
            "markers": "python_version < '3.13' and python_version >= '3.8'",
            "version": "==6.6.3.1"
        },
        "pyside6-addons": {
            "hashes": [
                "sha256:31135adc521ed6e3fdc8203507e7e9d72424d6b9ebd245d1189d991e90669d6a",
                "sha256:3abdc1e21de0c6763e5392af5ed8b2349291318ce235e7c310d84a2f9d5001a9",
                "sha256:7373479565e5bd963b9662857c40c20768bc0b5853334e2076a62cb039e91f74",
                "sha256:d8fbcd726dbf3e713e5d5ccc45ff0e1a9edfe336d7190c96cf7e7c7598681239"
            ],
            "markers": "python_version < '3.13' and python_version >= '3.8'",
            "version": "==6.6.3.1"
        },
        "pyside6-essentials": {
            "hashes": [
                "sha256:1f41f357ce2384576581e76c9c3df1c4fa5b38e347f0bcd0cae7c5bce42a917c",
                "sha256:27034525fdbdd21ef21f20fcd7aaf5c2ffe26f2bcf5269a69dd9492dec7e92aa",
                "sha256:31f7e70ada44d3cdbe6686670b3df036c720cfeb1dced0f7704e5f5a4be6a764",
                "sha256:6c16530b63079711783796584b640cc80a347e0b2dc12651aa2877265df7a008"
            ],
            "markers": "python_version < '3.13' and python_version >= '3.8'",
            "version": "==6.6.3.1"
        },
        "requests": {
            "hashes": [
                "sha256:55365417734eb18255590a9ff9eb97e9e1da868d4ccd6402399eaf68af20a760",
                "sha256:70761cfe03c773ceb22aa2f671b4757976145175cdfca038c02654d061d6dcc6"
            ],
            "index": "pypi",
            "markers": "python_version >= '3.8'",
            "version": "==2.32.3"
        },
        "scapy": {
            "hashes": [
                "sha256:5b260c2b754fd8d409ba83ee7aee294ecdbb2c235f9f78fe90bc11cb6e5debc2"
            ],
            "index": "pypi",
            "markers": "python_version >= '2.7' and python_version not in '3.0, 3.1, 3.2, 3.3' and python_version < '4'",
            "version": "==2.5.0"
        },
        "shiboken6": {
            "hashes": [
                "sha256:2a8df586aa9eb629388b368d3157893083c5217ed3eb637bf182d1948c823a0f",
                "sha256:88494b5e08a1f235efddbe2b0b225a3a66e07d72b6091fcc2fc5448572453649",
                "sha256:902d9e126ac57cc3841cdc50ba38d53948b40cf667538172f253c4ae7b2dcb2c",
                "sha256:b1aeff0d79d84ddbdc9970144c1bbc3a52fcb45618d1b33d17d57f99f1246d45"
            ],
            "markers": "python_version < '3.13' and python_version >= '3.8'",
            "version": "==6.6.3.1"
        },
        "tomli": {
            "hashes": [
                "sha256:939de3e7a6161af0c887ef91b7d41a53e7c5a1ca976325f429cb46ea9bc30ecc",
                "sha256:de526c12914f0c550d15924c62d72abc48d6fe7364aa87328337a31007fe8a4f"
            ],
            "markers": "python_version < '3.11'",
            "version": "==2.0.1"
        },
        "tomlkit": {
            "hashes": [
                "sha256:7a974427f6e119197f670fbbbeae7bef749a6c14e793db934baefc1b5f03efde",
                "sha256:fff5fe59a87295b278abd31bec92c15d9bc4a06885ab12bcea52c71119392e79"
            ],
            "markers": "python_version >= '3.8'",
            "version": "==0.13.2"
        },
        "typing-extensions": {
            "hashes": [
                "sha256:04e5ca0351e0f3f85c6853954072df659d0d13fac324d0072316b67d7794700d",
                "sha256:1a7ead55c7e559dd4dee8856e3a88b41225abfe1ce8df57b7c13915fe121ffb8"
            ],
            "markers": "python_version < '3.10'",
            "version": "==4.12.2"
        },
        "urllib3": {
            "hashes": [
                "sha256:ca899ca043dcb1bafa3e262d73aa25c465bfb49e0bd9dd5d59f1d0acba2f8fac",
                "sha256:e7d814a81dad81e6caf2ec9fdedb284ecc9c73076b62654547cc64ccdcae26e9"
            ],
            "markers": "python_version >= '3.8'",
            "version": "==2.2.3"
        }
    },
    "develop": {}
}
